
Microsoft Visual Studio Solution File, Format Version 12.00
# Visual Studio Version 17
VisualStudioVersion = 17.11.35303.130
MinimumVisualStudioVersion = 10.0.40219.1
Project("{9A19103F-16F7-4668-BE54-9A1E7A4F7556}") = "ElectronicShop", "ElectronicShop\ElectronicShop.csproj", "{D6F6951B-58AD-41F8-8294-202280438087}"
EndProject
Global
	GlobalSection(SolutionConfigurationPlatforms) = preSolution
		Debug|Any CPU = Debug|Any CPU
		Release|Any CPU = Release|Any CPU
	EndGlobalSection
	GlobalSection(ProjectConfigurationPlatforms) = postSolution
		{D6F6951B-58AD-41F8-8294-202280438087}.Debug|Any CPU.ActiveCfg = Debug|Any CPU
		{D6F6951B-58AD-41F8-8294-202280438087}.Debug|Any CPU.Build.0 = Debug|Any CPU
		{D6F6951B-58AD-41F8-8294-202280438087}.Release|Any CPU.ActiveCfg = Release|Any CPU
		{D6F6951B-58AD-41F8-8294-202280438087}.Release|Any CPU.Build.0 = Release|Any CPU
	EndGlobalSection
	GlobalSection(SolutionProperties) = preSolution
		HideSolutionNode = FALSE
	EndGlobalSection
	GlobalSection(ExtensibilityGlobals) = postSolution
		SolutionGuid = {9D730BF3-C971-432A-8359-71710A7BA763}
	EndGlobalSection
EndGlobal
